Microsoft Visual Studio Solution File, Format Version 12.00
# Visual Studio Version 17
VisualStudioVersion = 17.5.2.0
MinimumVisualStudioVersion = 10.0.40219.1
Project("{FAE04EC0-301F-11D3-BF4B-00C04F79EFBC}") = "Bai30_LINQ", "Bai30_LINQ.csproj", "{12347C9B-D59A-4BC1-51CF-46DE9EDB81F9}"
EndProject
Global
	GlobalSection(SolutionConfigurationPlatforms) = preSolution
		Debug|Any CPU = Debug|Any CPU
		Release|Any CPU = Release|Any CPU
	EndGlobalSection
	GlobalSection(ProjectConfigurationPlatforms) = postSolution
		{12347C9B-D59A-4BC1-51CF-46DE9EDB81F9}.Debug|Any CPU.ActiveCfg = Debug|Any CPU
		{12347C9B-D59A-4BC1-51CF-46DE9EDB81F9}.Debug|Any CPU.Build.0 = Debug|Any CPU
		{12347C9B-D59A-4BC1-51CF-46DE9EDB81F9}.Release|Any CPU.ActiveCfg = Release|Any CPU
		{12347C9B-D59A-4BC1-51CF-46DE9EDB81F9}.Release|Any CPU.Build.0 = Release|Any CPU
	EndGlobalSection
	GlobalSection(SolutionProperties) = preSolution
		HideSolutionNode = FALSE
	EndGlobalSection
	GlobalSection(ExtensibilityGlobals) = postSolution
		SolutionGuid = {380ED063-AE2C-49CA-B17C-96878E3AC588}
	EndGlobalSection
EndGlobal
