Microsoft Visual Studio Solution File, Format Version 12.00
# Visual Studio Version 17
VisualStudioVersion = 17.5.2.0
MinimumVisualStudioVersion = 10.0.40219.1
Project("{FAE04EC0-301F-11D3-BF4B-00C04F79EFBC}") = "Bai13_Math", "Bai13_Math.csproj", "{9B624D88-011C-7D44-F686-97F07E76BEF4}"
EndProject
Global
	GlobalSection(SolutionConfigurationPlatforms) = preSolution
		Debug|Any CPU = Debug|Any CPU
		Release|Any CPU = Release|Any CPU
	EndGlobalSection
	GlobalSection(ProjectConfigurationPlatforms) = postSolution
		{9B624D88-011C-7D44-F686-97F07E76BEF4}.Debug|Any CPU.ActiveCfg = Debug|Any CPU
		{9B624D88-011C-7D44-F686-97F07E76BEF4}.Debug|Any CPU.Build.0 = Debug|Any CPU
		{9B624D88-011C-7D44-F686-97F07E76BEF4}.Release|Any CPU.ActiveCfg = Release|Any CPU
		{9B624D88-011C-7D44-F686-97F07E76BEF4}.Release|Any CPU.Build.0 = Release|Any CPU
	EndGlobalSection
	GlobalSection(SolutionProperties) = preSolution
		HideSolutionNode = FALSE
	EndGlobalSection
	GlobalSection(ExtensibilityGlobals) = postSolution
		SolutionGuid = {C7C1B64E-46C8-4DE3-A833-0143D814A200}
	EndGlobalSection
EndGlobal
