
Microsoft Visual Studio Solution File, Format Version 12.00
# Visual Studio Version 17
VisualStudioVersion = 17.8.34330.188
MinimumVisualStudioVersion = 10.0.40219.1
Project("{FAE04EC0-301F-11D3-BF4B-00C04F79EFBC}") = "Exercise_12", "Exercise_12\Exercise_12.csproj", "{C5BB7053-B7C2-4C6D-9E53-21E67B1A24AA}"
EndProject
Project("{FAE04EC0-301F-11D3-BF4B-00C04F79EFBC}") = "ClassLibrary1", "ClassLibrary1\ClassLibrary1.csproj", "{2B906FF3-9FE1-4F39-8E30-61E5C0A50081}"
EndProject
Global
	GlobalSection(SolutionConfigurationPlatforms) = preSolution
		Debug|Any CPU = Debug|Any CPU
		Release|Any CPU = Release|Any CPU
	EndGlobalSection
	GlobalSection(ProjectConfigurationPlatforms) = postSolution
		{C5BB7053-B7C2-4C6D-9E53-21E67B1A24AA}.Debug|Any CPU.ActiveCfg = Debug|Any CPU
		{C5BB7053-B7C2-4C6D-9E53-21E67B1A24AA}.Debug|Any CPU.Build.0 = Debug|Any CPU
		{C5BB7053-B7C2-4C6D-9E53-21E67B1A24AA}.Release|Any CPU.ActiveCfg = Release|Any CPU
		{C5BB7053-B7C2-4C6D-9E53-21E67B1A24AA}.Release|Any CPU.Build.0 = Release|Any CPU
		{2B906FF3-9FE1-4F39-8E30-61E5C0A50081}.Debug|Any CPU.ActiveCfg = Debug|Any CPU
		{2B906FF3-9FE1-4F39-8E30-61E5C0A50081}.Debug|Any CPU.Build.0 = Debug|Any CPU
		{2B906FF3-9FE1-4F39-8E30-61E5C0A50081}.Release|Any CPU.ActiveCfg = Release|Any CPU
		{2B906FF3-9FE1-4F39-8E30-61E5C0A50081}.Release|Any CPU.Build.0 = Release|Any CPU
	EndGlobalSection
	GlobalSection(SolutionProperties) = preSolution
		HideSolutionNode = FALSE
	EndGlobalSection
	GlobalSection(ExtensibilityGlobals) = postSolution
		SolutionGuid = {B17AFC2E-B7CD-4956-9FD8-530BF4A4E7B1}
	EndGlobalSection
EndGlobal
