
Microsoft Visual Studio Solution File, Format Version 12.00
# Visual Studio Version 17
VisualStudioVersion = 17.8.34330.188
MinimumVisualStudioVersion = 10.0.40219.1
Project("{FAE04EC0-301F-11D3-BF4B-00C04F79EFBC}") = "Exercese_4", "Exercese_4\Exercese_4.csproj", "{CCE1C4D0-A9C2-463B-890C-CB4D3D25747D}"
EndProject
Global
	GlobalSection(SolutionConfigurationPlatforms) = preSolution
		Debug|Any CPU = Debug|Any CPU
		Release|Any CPU = Release|Any CPU
	EndGlobalSection
	GlobalSection(ProjectConfigurationPlatforms) = postSolution
		{CCE1C4D0-A9C2-463B-890C-CB4D3D25747D}.Debug|Any CPU.ActiveCfg = Debug|Any CPU
		{CCE1C4D0-A9C2-463B-890C-CB4D3D25747D}.Debug|Any CPU.Build.0 = Debug|Any CPU
		{CCE1C4D0-A9C2-463B-890C-CB4D3D25747D}.Release|Any CPU.ActiveCfg = Release|Any CPU
		{CCE1C4D0-A9C2-463B-890C-CB4D3D25747D}.Release|Any CPU.Build.0 = Release|Any CPU
	EndGlobalSection
	GlobalSection(SolutionProperties) = preSolution
		HideSolutionNode = FALSE
	EndGlobalSection
	GlobalSection(ExtensibilityGlobals) = postSolution
		SolutionGuid = {CBBCEC0E-F5D6-407F-B281-73C5A470AB34}
	EndGlobalSection
EndGlobal
