Microsoft Visual Studio Solution File, Format Version 12.00
# Visual Studio Version 17
VisualStudioVersion = 17.5.2.0
MinimumVisualStudioVersion = 10.0.40219.1
Project("{FAE04EC0-301F-11D3-BF4B-00C04F79EFBC}") = "Bai34_35_36NetWorking", "Bai34_35_36NetWorking.csproj", "{35C44534-3CE2-0FF2-9440-9E28723598C2}"
EndProject
Global
	GlobalSection(SolutionConfigurationPlatforms) = preSolution
		Debug|Any CPU = Debug|Any CPU
		Release|Any CPU = Release|Any CPU
	EndGlobalSection
	GlobalSection(ProjectConfigurationPlatforms) = postSolution
		{35C44534-3CE2-0FF2-9440-9E28723598C2}.Debug|Any CPU.ActiveCfg = Debug|Any CPU
		{35C44534-3CE2-0FF2-9440-9E28723598C2}.Debug|Any CPU.Build.0 = Debug|Any CPU
		{35C44534-3CE2-0FF2-9440-9E28723598C2}.Release|Any CPU.ActiveCfg = Release|Any CPU
		{35C44534-3CE2-0FF2-9440-9E28723598C2}.Release|Any CPU.Build.0 = Release|Any CPU
	EndGlobalSection
	GlobalSection(SolutionProperties) = preSolution
		HideSolutionNode = FALSE
	EndGlobalSection
	GlobalSection(ExtensibilityGlobals) = postSolution
		SolutionGuid = {DDE6E2F5-0EB8-4D9A-8809-1091B2B440EB}
	EndGlobalSection
EndGlobal
