Microsoft Visual Studio Solution File, Format Version 12.00
# Visual Studio Version 17
VisualStudioVersion = 17.5.2.0
MinimumVisualStudioVersion = 10.0.40219.1
Project("{FAE04EC0-301F-11D3-BF4B-00C04F79EFBC}") = "Bai33_Dependency_Injection", "Bai33_Dependency_Injection.csproj", "{8D427C4D-51DC-7B59-0F59-A85F46BD0CFA}"
EndProject
Global
	GlobalSection(SolutionConfigurationPlatforms) = preSolution
		Debug|Any CPU = Debug|Any CPU
		Release|Any CPU = Release|Any CPU
	EndGlobalSection
	GlobalSection(ProjectConfigurationPlatforms) = postSolution
		{8D427C4D-51DC-7B59-0F59-A85F46BD0CFA}.Debug|Any CPU.ActiveCfg = Debug|Any CPU
		{8D427C4D-51DC-7B59-0F59-A85F46BD0CFA}.Debug|Any CPU.Build.0 = Debug|Any CPU
		{8D427C4D-51DC-7B59-0F59-A85F46BD0CFA}.Release|Any CPU.ActiveCfg = Release|Any CPU
		{8D427C4D-51DC-7B59-0F59-A85F46BD0CFA}.Release|Any CPU.Build.0 = Release|Any CPU
	EndGlobalSection
	GlobalSection(SolutionProperties) = preSolution
		HideSolutionNode = FALSE
	EndGlobalSection
	GlobalSection(ExtensibilityGlobals) = postSolution
		SolutionGuid = {DAEFDA56-418D-4EDE-9E86-A60C7081A99A}
	EndGlobalSection
EndGlobal
