
Microsoft Visual Studio Solution File, Format Version 12.00
# Visual Studio Version 17
VisualStudioVersion = 17.8.34330.188
MinimumVisualStudioVersion = 10.0.40219.1
Project("{FAE04EC0-301F-11D3-BF4B-00C04F79EFBC}") = "EventExample", "EventExample\EventExample.csproj", "{B9A96C1D-DC34-405B-8C57-787ABD6C426D}"
EndProject
Global
	GlobalSection(SolutionConfigurationPlatforms) = preSolution
		Debug|Any CPU = Debug|Any CPU
		Release|Any CPU = Release|Any CPU
	EndGlobalSection
	GlobalSection(ProjectConfigurationPlatforms) = postSolution
		{B9A96C1D-DC34-405B-8C57-787ABD6C426D}.Debug|Any CPU.ActiveCfg = Debug|Any CPU
		{B9A96C1D-DC34-405B-8C57-787ABD6C426D}.Debug|Any CPU.Build.0 = Debug|Any CPU
		{B9A96C1D-DC34-405B-8C57-787ABD6C426D}.Release|Any CPU.ActiveCfg = Release|Any CPU
		{B9A96C1D-DC34-405B-8C57-787ABD6C426D}.Release|Any CPU.Build.0 = Release|Any CPU
	EndGlobalSection
	GlobalSection(SolutionProperties) = preSolution
		HideSolutionNode = FALSE
	EndGlobalSection
	GlobalSection(ExtensibilityGlobals) = postSolution
		SolutionGuid = {34581D28-72E6-4E49-8D9A-676DF5277523}
	EndGlobalSection
EndGlobal
