
Microsoft Visual Studio Solution File, Format Version 12.00
# Visual Studio Version 17
VisualStudioVersion = 17.8.34330.188
MinimumVisualStudioVersion = 10.0.40219.1
Project("{FAE04EC0-301F-11D3-BF4B-00C04F79EFBC}") = "binaryExample", "binaryExample\binaryExample.csproj", "{29EFD686-99B2-4D61-AB10-95E69E0696B2}"
EndProject
Global
	GlobalSection(SolutionConfigurationPlatforms) = preSolution
		Debug|Any CPU = Debug|Any CPU
		Release|Any CPU = Release|Any CPU
	EndGlobalSection
	GlobalSection(ProjectConfigurationPlatforms) = postSolution
		{29EFD686-99B2-4D61-AB10-95E69E0696B2}.Debug|Any CPU.ActiveCfg = Debug|Any CPU
		{29EFD686-99B2-4D61-AB10-95E69E0696B2}.Debug|Any CPU.Build.0 = Debug|Any CPU
		{29EFD686-99B2-4D61-AB10-95E69E0696B2}.Release|Any CPU.ActiveCfg = Release|Any CPU
		{29EFD686-99B2-4D61-AB10-95E69E0696B2}.Release|Any CPU.Build.0 = Release|Any CPU
	EndGlobalSection
	GlobalSection(SolutionProperties) = preSolution
		HideSolutionNode = FALSE
	EndGlobalSection
	GlobalSection(ExtensibilityGlobals) = postSolution
		SolutionGuid = {18AFA7DB-1B6A-42F7-A633-834EF7E11836}
	EndGlobalSection
EndGlobal
