
Microsoft Visual Studio Solution File, Format Version 12.00
# Visual Studio Version 17
VisualStudioVersion = 17.8.34330.188
MinimumVisualStudioVersion = 10.0.40219.1
Project("{FAE04EC0-301F-11D3-BF4B-00C04F79EFBC}") = "Anonymous_type", "Anonymous_type\Anonymous_type.csproj", "{50FD9C1E-5AF8-4FA3-8544-24AAC7DB1710}"
EndProject
Global
	GlobalSection(SolutionConfigurationPlatforms) = preSolution
		Debug|Any CPU = Debug|Any CPU
		Release|Any CPU = Release|Any CPU
	EndGlobalSection
	GlobalSection(ProjectConfigurationPlatforms) = postSolution
		{50FD9C1E-5AF8-4FA3-8544-24AAC7DB1710}.Debug|Any CPU.ActiveCfg = Debug|Any CPU
		{50FD9C1E-5AF8-4FA3-8544-24AAC7DB1710}.Debug|Any CPU.Build.0 = Debug|Any CPU
		{50FD9C1E-5AF8-4FA3-8544-24AAC7DB1710}.Release|Any CPU.ActiveCfg = Release|Any CPU
		{50FD9C1E-5AF8-4FA3-8544-24AAC7DB1710}.Release|Any CPU.Build.0 = Release|Any CPU
	EndGlobalSection
	GlobalSection(SolutionProperties) = preSolution
		HideSolutionNode = FALSE
	EndGlobalSection
	GlobalSection(ExtensibilityGlobals) = postSolution
		SolutionGuid = {1D95D94F-08B7-4777-9A94-B20DD83F8E0F}
	EndGlobalSection
EndGlobal
