Microsoft Visual Studio Solution File, Format Version 12.00
# Visual Studio Version 17
VisualStudioVersion = 17.5.2.0
MinimumVisualStudioVersion = 10.0.40219.1
Project("{FAE04EC0-301F-11D3-BF4B-00C04F79EFBC}") = "Bai22_Event_EventHandler", "Bai22_Event_EventHandler.csproj", "{7A91E2E7-7CF8-2AA6-190F-A1CBD9DBA4D6}"
EndProject
Global
	GlobalSection(SolutionConfigurationPlatforms) = preSolution
		Debug|Any CPU = Debug|Any CPU
		Release|Any CPU = Release|Any CPU
	EndGlobalSection
	GlobalSection(ProjectConfigurationPlatforms) = postSolution
		{7A91E2E7-7CF8-2AA6-190F-A1CBD9DBA4D6}.Debug|Any CPU.ActiveCfg = Debug|Any CPU
		{7A91E2E7-7CF8-2AA6-190F-A1CBD9DBA4D6}.Debug|Any CPU.Build.0 = Debug|Any CPU
		{7A91E2E7-7CF8-2AA6-190F-A1CBD9DBA4D6}.Release|Any CPU.ActiveCfg = Release|Any CPU
		{7A91E2E7-7CF8-2AA6-190F-A1CBD9DBA4D6}.Release|Any CPU.Build.0 = Release|Any CPU
	EndGlobalSection
	GlobalSection(SolutionProperties) = preSolution
		HideSolutionNode = FALSE
	EndGlobalSection
	GlobalSection(ExtensibilityGlobals) = postSolution
		SolutionGuid = {0E8BEA26-8185-4EEB-8D32-B4AF44F66EFE}
	EndGlobalSection
EndGlobal
