Microsoft Visual Studio Solution File, Format Version 12.00
# Visual Studio Version 17
VisualStudioVersion = 17.5.2.0
MinimumVisualStudioVersion = 10.0.40219.1
Project("{FAE04EC0-301F-11D3-BF4B-00C04F79EFBC}") = "Bai10_Class", "Bai10_Class.csproj", "{23971088-F5C7-139A-E033-4F2FDB8DFCD0}"
EndProject
Global
	GlobalSection(SolutionConfigurationPlatforms) = preSolution
		Debug|Any CPU = Debug|Any CPU
		Release|Any CPU = Release|Any CPU
	EndGlobalSection
	GlobalSection(ProjectConfigurationPlatforms) = postSolution
		{23971088-F5C7-139A-E033-4F2FDB8DFCD0}.Debug|Any CPU.ActiveCfg = Debug|Any CPU
		{23971088-F5C7-139A-E033-4F2FDB8DFCD0}.Debug|Any CPU.Build.0 = Debug|Any CPU
		{23971088-F5C7-139A-E033-4F2FDB8DFCD0}.Release|Any CPU.ActiveCfg = Release|Any CPU
		{23971088-F5C7-139A-E033-4F2FDB8DFCD0}.Release|Any CPU.Build.0 = Release|Any CPU
	EndGlobalSection
	GlobalSection(SolutionProperties) = preSolution
		HideSolutionNode = FALSE
	EndGlobalSection
	GlobalSection(ExtensibilityGlobals) = postSolution
		SolutionGuid = {723AEFAB-10D8-4E90-BD61-F463BCE37017}
	EndGlobalSection
EndGlobal
